{
  "name": "three-build",
  "version": "1.0.0",
  "lockfileVersion": 2,
  "requires": true,
  "packages": {
    "": {
      "name": "three-build",
      "version": "1.0.0",
      "license": "ISC",
      "dependencies": {
        "three": "^0.156.1"
      }
    },
    "node_modules/three": {
      "version": "0.156.1",
      "resolved": "https://registry.npmjs.org/three/-/three-0.156.1.tgz",
      "integrity": "sha512-kP7H0FK9d/k6t/XvQ9FO6i+QrePoDcNhwl0I02+wmUJRNSLCUIDMcfObnzQvxb37/0Uc9TDT0T1HgsRRrO6SYQ=="
    }
  },
  "dependencies": {
    "three": {
      "version": "0.156.1",
      "resolved": "https://registry.npmjs.org/three/-/three-0.156.1.tgz",
      "integrity": "sha512-kP7H0FK9d/k6t/XvQ9FO6i+QrePoDcNhwl0I02+wmUJRNSLCUIDMcfObnzQvxb37/0Uc9TDT0T1HgsRRrO6SYQ=="
    }
  }
}
